
Microsoft Visual Studio Solution File, Format Version 12.00
# Visual Studio Version 17
VisualStudioVersion = 17.0.31903.59
MinimumVisualStudioVersion = 10.0.40219.1
Project("{FAE04EC0-301F-11D3-BF4B-00C04F79EFBC}") = "ExemploFundamentos", "ExemploFundamentos\ExemploFundamentos.csproj", "{9EFCC7E0-46C5-4272-ACC7-16CBA43E3730}"
EndProject
Project("{FAE04EC0-301F-11D3-BF4B-00C04F79EFBC}") = "ExemploFundamentos.Common", "ExemploFundamentos.Common\ExemploFundamentos.Common.csproj", "{9D6F5015-3788-4722-BF95-B5F603CDAF95}"
EndProject
Global
	GlobalSection(SolutionConfigurationPlatforms) = preSolution
		Debug|Any CPU = Debug|Any CPU
		Release|Any CPU = Release|Any CPU
	EndGlobalSection
	GlobalSection(SolutionProperties) = preSolution
		HideSolutionNode = FALSE
	EndGlobalSection
	GlobalSection(ProjectConfigurationPlatforms) = postSolution
		{9EFCC7E0-46C5-4272-ACC7-16CBA43E3730}.Debug|Any CPU.ActiveCfg = Debug|Any CPU
		{9EFCC7E0-46C5-4272-ACC7-16CBA43E3730}.Debug|Any CPU.Build.0 = Debug|Any CPU
		{9EFCC7E0-46C5-4272-ACC7-16CBA43E3730}.Release|Any CPU.ActiveCfg = Release|Any CPU
		{9EFCC7E0-46C5-4272-ACC7-16CBA43E3730}.Release|Any CPU.Build.0 = Release|Any CPU
		{9D6F5015-3788-4722-BF95-B5F603CDAF95}.Debug|Any CPU.ActiveCfg = Debug|Any CPU
		{9D6F5015-3788-4722-BF95-B5F603CDAF95}.Debug|Any CPU.Build.0 = Debug|Any CPU
		{9D6F5015-3788-4722-BF95-B5F603CDAF95}.Release|Any CPU.ActiveCfg = Release|Any CPU
		{9D6F5015-3788-4722-BF95-B5F603CDAF95}.Release|Any CPU.Build.0 = Release|Any CPU
	EndGlobalSection
EndGlobal
